
Microsoft Visual Studio Solution File, Format Version 12.00
Project("{FAE04EC0-301F-11D3-BF4B-00C04F79EFBC}") = "QuizProject.Web", "QuizProject.Web\QuizProject.Web.csproj", "{B3278505-1F7D-4051-8A2E-3F83AF3132B5}"
EndProject
Project("{FAE04EC0-301F-11D3-BF4B-00C04F79EFBC}") = "QuizProject.Api", "QuizProject.Api\QuizProject.Api.csproj", "{A44F0BCC-DE6E-4A42-86AA-CAE4276ED049}"
EndProject
Project("{FAE04EC0-301F-11D3-BF4B-00C04F79EFBC}") = "QuizProject.Tests.Integration", "QuizProject.Tests.Integration\QuizProject.Tests.Integration.csproj", "{C1D2E3F4-5678-9ABC-DEF0-123456789ABC}"
EndProject
Project("{FAE04EC0-301F-11D3-BF4B-00C04F79EFBC}") = "QuizProject.Contracts", "QuizProject.Contracts\QuizProject.Contracts.csproj", "{24C8326B-8D26-4B8E-B533-984114AA0674}"
EndProject
Project("{FAE04EC0-301F-11D3-BF4B-00C04F79EFBC}") = "QuizProject.Domain", "QuizProject.Domain\QuizProject.Domain.csproj", "{7858F3D4-C723-4F6A-A6E3-2A37CF0D6AB5}"
EndProject
Project("{FAE04EC0-301F-11D3-BF4B-00C04F79EFBC}") = "QuizProject.Domain.Tests", "QuizProject.Domain.Tests\QuizProject.Domain.Tests.csproj", "{DAFED5F4-E273-4D29-AAE6-9C38F679082B}"
EndProject
Global
	GlobalSection(SolutionConfigurationPlatforms) = preSolution
		Debug|Any CPU = Debug|Any CPU
		Debug|x64 = Debug|x64
		Debug|x86 = Debug|x86
		Release|Any CPU = Release|Any CPU
		Release|x64 = Release|x64
		Release|x86 = Release|x86
	EndGlobalSection
	GlobalSection(ProjectConfigurationPlatforms) = postSolution
		{B3278505-1F7D-4051-8A2E-3F83AF3132B5}.Debug|Any CPU.ActiveCfg = Debug|Any CPU
		{B3278505-1F7D-4051-8A2E-3F83AF3132B5}.Debug|Any CPU.Build.0 = Debug|Any CPU
		{B3278505-1F7D-4051-8A2E-3F83AF3132B5}.Debug|x64.ActiveCfg = Debug|Any CPU
		{B3278505-1F7D-4051-8A2E-3F83AF3132B5}.Debug|x64.Build.0 = Debug|Any CPU
		{B3278505-1F7D-4051-8A2E-3F83AF3132B5}.Debug|x86.ActiveCfg = Debug|Any CPU
		{B3278505-1F7D-4051-8A2E-3F83AF3132B5}.Debug|x86.Build.0 = Debug|Any CPU
		{B3278505-1F7D-4051-8A2E-3F83AF3132B5}.Release|Any CPU.ActiveCfg = Release|Any CPU
		{B3278505-1F7D-4051-8A2E-3F83AF3132B5}.Release|Any CPU.Build.0 = Release|Any CPU
		{B3278505-1F7D-4051-8A2E-3F83AF3132B5}.Release|x64.ActiveCfg = Release|Any CPU
		{B3278505-1F7D-4051-8A2E-3F83AF3132B5}.Release|x64.Build.0 = Release|Any CPU
		{B3278505-1F7D-4051-8A2E-3F83AF3132B5}.Release|x86.ActiveCfg = Release|Any CPU
		{B3278505-1F7D-4051-8A2E-3F83AF3132B5}.Release|x86.Build.0 = Release|Any CPU
		{A44F0BCC-DE6E-4A42-86AA-CAE4276ED049}.Debug|Any CPU.ActiveCfg = Debug|Any CPU
		{A44F0BCC-DE6E-4A42-86AA-CAE4276ED049}.Debug|Any CPU.Build.0 = Debug|Any CPU
		{A44F0BCC-DE6E-4A42-86AA-CAE4276ED049}.Debug|x64.ActiveCfg = Debug|Any CPU
		{A44F0BCC-DE6E-4A42-86AA-CAE4276ED049}.Debug|x64.Build.0 = Debug|Any CPU
		{A44F0BCC-DE6E-4A42-86AA-CAE4276ED049}.Debug|x86.ActiveCfg = Debug|Any CPU
		{A44F0BCC-DE6E-4A42-86AA-CAE4276ED049}.Debug|x86.Build.0 = Debug|Any CPU
		{A44F0BCC-DE6E-4A42-86AA-CAE4276ED049}.Release|Any CPU.ActiveCfg = Release|Any CPU
		{A44F0BCC-DE6E-4A42-86AA-CAE4276ED049}.Release|Any CPU.Build.0 = Release|Any CPU
		{A44F0BCC-DE6E-4A42-86AA-CAE4276ED049}.Release|x64.ActiveCfg = Release|Any CPU
		{A44F0BCC-DE6E-4A42-86AA-CAE4276ED049}.Release|x64.Build.0 = Release|Any CPU
		{A44F0BCC-DE6E-4A42-86AA-CAE4276ED049}.Release|x86.ActiveCfg = Release|Any CPU
		{A44F0BCC-DE6E-4A42-86AA-CAE4276ED049}.Release|x86.Build.0 = Release|Any CPU
		{C1D2E3F4-5678-9ABC-DEF0-123456789ABC}.Debug|Any CPU.ActiveCfg = Debug|Any CPU
		{C1D2E3F4-5678-9ABC-DEF0-123456789ABC}.Debug|Any CPU.Build.0 = Debug|Any CPU
		{C1D2E3F4-5678-9ABC-DEF0-123456789ABC}.Debug|x64.ActiveCfg = Debug|Any CPU
		{C1D2E3F4-5678-9ABC-DEF0-123456789ABC}.Debug|x64.Build.0 = Debug|Any CPU
		{C1D2E3F4-5678-9ABC-DEF0-123456789ABC}.Debug|x86.ActiveCfg = Debug|Any CPU
		{C1D2E3F4-5678-9ABC-DEF0-123456789ABC}.Debug|x86.Build.0 = Debug|Any CPU
		{C1D2E3F4-5678-9ABC-DEF0-123456789ABC}.Release|Any CPU.ActiveCfg = Release|Any CPU
		{C1D2E3F4-5678-9ABC-DEF0-123456789ABC}.Release|Any CPU.Build.0 = Release|Any CPU
		{C1D2E3F4-5678-9ABC-DEF0-123456789ABC}.Release|x64.ActiveCfg = Release|Any CPU
		{C1D2E3F4-5678-9ABC-DEF0-123456789ABC}.Release|x64.Build.0 = Release|Any CPU
		{C1D2E3F4-5678-9ABC-DEF0-123456789ABC}.Release|x86.ActiveCfg = Release|Any CPU
		{C1D2E3F4-5678-9ABC-DEF0-123456789ABC}.Release|x86.Build.0 = Release|Any CPU
		{24C8326B-8D26-4B8E-B533-984114AA0674}.Debug|Any CPU.ActiveCfg = Debug|Any CPU
		{24C8326B-8D26-4B8E-B533-984114AA0674}.Debug|Any CPU.Build.0 = Debug|Any CPU
		{24C8326B-8D26-4B8E-B533-984114AA0674}.Debug|x64.ActiveCfg = Debug|Any CPU
		{24C8326B-8D26-4B8E-B533-984114AA0674}.Debug|x64.Build.0 = Debug|Any CPU
		{24C8326B-8D26-4B8E-B533-984114AA0674}.Debug|x86.ActiveCfg = Debug|Any CPU
		{24C8326B-8D26-4B8E-B533-984114AA0674}.Debug|x86.Build.0 = Debug|Any CPU
		{24C8326B-8D26-4B8E-B533-984114AA0674}.Release|Any CPU.ActiveCfg = Release|Any CPU
		{24C8326B-8D26-4B8E-B533-984114AA0674}.Release|Any CPU.Build.0 = Release|Any CPU
		{24C8326B-8D26-4B8E-B533-984114AA0674}.Release|x64.ActiveCfg = Release|Any CPU
		{24C8326B-8D26-4B8E-B533-984114AA0674}.Release|x64.Build.0 = Release|Any CPU
		{24C8326B-8D26-4B8E-B533-984114AA0674}.Release|x86.ActiveCfg = Release|Any CPU
		{24C8326B-8D26-4B8E-B533-984114AA0674}.Release|x86.Build.0 = Release|Any CPU
		{7858F3D4-C723-4F6A-A6E3-2A37CF0D6AB5}.Debug|Any CPU.ActiveCfg = Debug|Any CPU
		{7858F3D4-C723-4F6A-A6E3-2A37CF0D6AB5}.Debug|Any CPU.Build.0 = Debug|Any CPU
		{7858F3D4-C723-4F6A-A6E3-2A37CF0D6AB5}.Debug|x64.ActiveCfg = Debug|Any CPU
		{7858F3D4-C723-4F6A-A6E3-2A37CF0D6AB5}.Debug|x64.Build.0 = Debug|Any CPU
		{7858F3D4-C723-4F6A-A6E3-2A37CF0D6AB5}.Debug|x86.ActiveCfg = Debug|Any CPU
		{7858F3D4-C723-4F6A-A6E3-2A37CF0D6AB5}.Debug|x86.Build.0 = Debug|Any CPU
		{7858F3D4-C723-4F6A-A6E3-2A37CF0D6AB5}.Release|Any CPU.ActiveCfg = Release|Any CPU
		{7858F3D4-C723-4F6A-A6E3-2A37CF0D6AB5}.Release|Any CPU.Build.0 = Release|Any CPU
		{7858F3D4-C723-4F6A-A6E3-2A37CF0D6AB5}.Release|x64.ActiveCfg = Release|Any CPU
		{7858F3D4-C723-4F6A-A6E3-2A37CF0D6AB5}.Release|x64.Build.0 = Release|Any CPU
		{7858F3D4-C723-4F6A-A6E3-2A37CF0D6AB5}.Release|x86.ActiveCfg = Release|Any CPU
		{7858F3D4-C723-4F6A-A6E3-2A37CF0D6AB5}.Release|x86.Build.0 = Release|Any CPU
		{DAFED5F4-E273-4D29-AAE6-9C38F679082B}.Debug|Any CPU.ActiveCfg = Debug|Any CPU
		{DAFED5F4-E273-4D29-AAE6-9C38F679082B}.Debug|Any CPU.Build.0 = Debug|Any CPU
		{DAFED5F4-E273-4D29-AAE6-9C38F679082B}.Debug|x64.ActiveCfg = Debug|Any CPU
		{DAFED5F4-E273-4D29-AAE6-9C38F679082B}.Debug|x64.Build.0 = Debug|Any CPU
		{DAFED5F4-E273-4D29-AAE6-9C38F679082B}.Debug|x86.ActiveCfg = Debug|Any CPU
		{DAFED5F4-E273-4D29-AAE6-9C38F679082B}.Debug|x86.Build.0 = Debug|Any CPU
		{DAFED5F4-E273-4D29-AAE6-9C38F679082B}.Release|Any CPU.ActiveCfg = Release|Any CPU
		{DAFED5F4-E273-4D29-AAE6-9C38F679082B}.Release|Any CPU.Build.0 = Release|Any CPU
		{DAFED5F4-E273-4D29-AAE6-9C38F679082B}.Release|x64.ActiveCfg = Release|Any CPU
		{DAFED5F4-E273-4D29-AAE6-9C38F679082B}.Release|x64.Build.0 = Release|Any CPU
		{DAFED5F4-E273-4D29-AAE6-9C38F679082B}.Release|x86.ActiveCfg = Release|Any CPU
		{DAFED5F4-E273-4D29-AAE6-9C38F679082B}.Release|x86.Build.0 = Release|Any CPU
	EndGlobalSection
	GlobalSection(SolutionProperties) = preSolution
		HideSolutionNode = FALSE
	EndGlobalSection
EndGlobal
